
Microsoft Visual Studio Solution File, Format Version 12.00
# Visual Studio Version 17
VisualStudioVersion = 17.7.34202.233
MinimumVisualStudioVersion = 10.0.40219.1
Project("{FAE04EC0-301F-11D3-BF4B-00C04F79EFBC}") = "day24_task1_employee", "day24_task1_employee\day24_task1_employee.csproj", "{11A46F17-CF95-4351-8255-EC4270C9869D}"
EndProject
Global
	GlobalSection(SolutionConfigurationPlatforms) = preSolution
		Debug|Any CPU = Debug|Any CPU
		Release|Any CPU = Release|Any CPU
	EndGlobalSection
	GlobalSection(ProjectConfigurationPlatforms) = postSolution
		{11A46F17-CF95-4351-8255-EC4270C9869D}.Debug|Any CPU.ActiveCfg = Debug|Any CPU
		{11A46F17-CF95-4351-8255-EC4270C9869D}.Debug|Any CPU.Build.0 = Debug|Any CPU
		{11A46F17-CF95-4351-8255-EC4270C9869D}.Release|Any CPU.ActiveCfg = Release|Any CPU
		{11A46F17-CF95-4351-8255-EC4270C9869D}.Release|Any CPU.Build.0 = Release|Any CPU
	EndGlobalSection
	GlobalSection(SolutionProperties) = preSolution
		HideSolutionNode = FALSE
	EndGlobalSection
	GlobalSection(ExtensibilityGlobals) = postSolution
		SolutionGuid = {DF40A43F-63A0-40D2-BB43-796753971B8C}
	EndGlobalSection
EndGlobal
