
Microsoft Visual Studio Solution File, Format Version 12.00
# Visual Studio Version 17
VisualStudioVersion = 17.7.34202.233
MinimumVisualStudioVersion = 10.0.40219.1
Project("{FAE04EC0-301F-11D3-BF4B-00C04F79EFBC}") = "day 11_Linq", "day 11_Linq\day 11_Linq.csproj", "{6E5FAD67-BA84-4C91-9729-522EB629381D}"
EndProject
Global
	GlobalSection(SolutionConfigurationPlatforms) = preSolution
		Debug|Any CPU = Debug|Any CPU
		Release|Any CPU = Release|Any CPU
	EndGlobalSection
	GlobalSection(ProjectConfigurationPlatforms) = postSolution
		{6E5FAD67-BA84-4C91-9729-522EB629381D}.Debug|Any CPU.ActiveCfg = Debug|Any CPU
		{6E5FAD67-BA84-4C91-9729-522EB629381D}.Debug|Any CPU.Build.0 = Debug|Any CPU
		{6E5FAD67-BA84-4C91-9729-522EB629381D}.Release|Any CPU.ActiveCfg = Release|Any CPU
		{6E5FAD67-BA84-4C91-9729-522EB629381D}.Release|Any CPU.Build.0 = Release|Any CPU
	EndGlobalSection
	GlobalSection(SolutionProperties) = preSolution
		HideSolutionNode = FALSE
	EndGlobalSection
	GlobalSection(ExtensibilityGlobals) = postSolution
		SolutionGuid = {177BEE38-B02D-496A-935C-75055D3A28A2}
	EndGlobalSection
EndGlobal
