
Microsoft Visual Studio Solution File, Format Version 12.00
# Visual Studio Version 17
VisualStudioVersion = 17.7.34202.233
MinimumVisualStudioVersion = 10.0.40219.1
Project("{FAE04EC0-301F-11D3-BF4B-00C04F79EFBC}") = "day26_example2", "day26_example2\day26_example2.csproj", "{5BC251F6-4D05-41C4-B123-1332E6BFD511}"
EndProject
Global
	GlobalSection(SolutionConfigurationPlatforms) = preSolution
		Debug|Any CPU = Debug|Any CPU
		Release|Any CPU = Release|Any CPU
	EndGlobalSection
	GlobalSection(ProjectConfigurationPlatforms) = postSolution
		{5BC251F6-4D05-41C4-B123-1332E6BFD511}.Debug|Any CPU.ActiveCfg = Debug|Any CPU
		{5BC251F6-4D05-41C4-B123-1332E6BFD511}.Debug|Any CPU.Build.0 = Debug|Any CPU
		{5BC251F6-4D05-41C4-B123-1332E6BFD511}.Release|Any CPU.ActiveCfg = Release|Any CPU
		{5BC251F6-4D05-41C4-B123-1332E6BFD511}.Release|Any CPU.Build.0 = Release|Any CPU
	EndGlobalSection
	GlobalSection(SolutionProperties) = preSolution
		HideSolutionNode = FALSE
	EndGlobalSection
	GlobalSection(ExtensibilityGlobals) = postSolution
		SolutionGuid = {7433825A-D952-405A-A756-CB3F2D9517E6}
	EndGlobalSection
EndGlobal
