
Microsoft Visual Studio Solution File, Format Version 12.00
# Visual Studio Version 17
VisualStudioVersion = 17.7.34202.233
MinimumVisualStudioVersion = 10.0.40219.1
Project("{FAE04EC0-301F-11D3-BF4B-00C04F79EFBC}") = "day16_SP_from_ADONET", "day16_SP_from_ADONET\day16_SP_from_ADONET.csproj", "{02D417A6-5E97-4553-91F1-6088A2E44F2C}"
EndProject
Global
	GlobalSection(SolutionConfigurationPlatforms) = preSolution
		Debug|Any CPU = Debug|Any CPU
		Release|Any CPU = Release|Any CPU
	EndGlobalSection
	GlobalSection(ProjectConfigurationPlatforms) = postSolution
		{02D417A6-5E97-4553-91F1-6088A2E44F2C}.Debug|Any CPU.ActiveCfg = Debug|Any CPU
		{02D417A6-5E97-4553-91F1-6088A2E44F2C}.Debug|Any CPU.Build.0 = Debug|Any CPU
		{02D417A6-5E97-4553-91F1-6088A2E44F2C}.Release|Any CPU.ActiveCfg = Release|Any CPU
		{02D417A6-5E97-4553-91F1-6088A2E44F2C}.Release|Any CPU.Build.0 = Release|Any CPU
	EndGlobalSection
	GlobalSection(SolutionProperties) = preSolution
		HideSolutionNode = FALSE
	EndGlobalSection
	GlobalSection(ExtensibilityGlobals) = postSolution
		SolutionGuid = {0BF5E8DF-8150-4147-80B0-DA54C5564A13}
	EndGlobalSection
EndGlobal
