
Microsoft Visual Studio Solution File, Format Version 12.00
# Visual Studio Version 17
VisualStudioVersion = 17.7.34202.233
MinimumVisualStudioVersion = 10.0.40219.1
Project("{FAE04EC0-301F-11D3-BF4B-00C04F79EFBC}") = "day5 ex3", "day5 ex3\day5 ex3.csproj", "{012896D8-3A0A-4509-B897-1FA289BBE16B}"
EndProject
Global
	GlobalSection(SolutionConfigurationPlatforms) = preSolution
		Debug|Any CPU = Debug|Any CPU
		Release|Any CPU = Release|Any CPU
	EndGlobalSection
	GlobalSection(ProjectConfigurationPlatforms) = postSolution
		{012896D8-3A0A-4509-B897-1FA289BBE16B}.Debug|Any CPU.ActiveCfg = Debug|Any CPU
		{012896D8-3A0A-4509-B897-1FA289BBE16B}.Debug|Any CPU.Build.0 = Debug|Any CPU
		{012896D8-3A0A-4509-B897-1FA289BBE16B}.Release|Any CPU.ActiveCfg = Release|Any CPU
		{012896D8-3A0A-4509-B897-1FA289BBE16B}.Release|Any CPU.Build.0 = Release|Any CPU
	EndGlobalSection
	GlobalSection(SolutionProperties) = preSolution
		HideSolutionNode = FALSE
	EndGlobalSection
	GlobalSection(ExtensibilityGlobals) = postSolution
		SolutionGuid = {01099A20-6248-4BB0-B8AC-ACE45BF2DBA4}
	EndGlobalSection
EndGlobal
