
Microsoft Visual Studio Solution File, Format Version 12.00
# Visual Studio Version 17
VisualStudioVersion = 17.7.34202.233
MinimumVisualStudioVersion = 10.0.40219.1
Project("{FAE04EC0-301F-11D3-BF4B-00C04F79EFBC}") = "day13_Mega_Task_2", "day13_Mega_Task_2\day13_Mega_Task_2.csproj", "{BA4C07E6-32C6-4044-9117-D59746B27071}"
EndProject
Global
	GlobalSection(SolutionConfigurationPlatforms) = preSolution
		Debug|Any CPU = Debug|Any CPU
		Release|Any CPU = Release|Any CPU
	EndGlobalSection
	GlobalSection(ProjectConfigurationPlatforms) = postSolution
		{BA4C07E6-32C6-4044-9117-D59746B27071}.Debug|Any CPU.ActiveCfg = Debug|Any CPU
		{BA4C07E6-32C6-4044-9117-D59746B27071}.Debug|Any CPU.Build.0 = Debug|Any CPU
		{BA4C07E6-32C6-4044-9117-D59746B27071}.Release|Any CPU.ActiveCfg = Release|Any CPU
		{BA4C07E6-32C6-4044-9117-D59746B27071}.Release|Any CPU.Build.0 = Release|Any CPU
	EndGlobalSection
	GlobalSection(SolutionProperties) = preSolution
		HideSolutionNode = FALSE
	EndGlobalSection
	GlobalSection(ExtensibilityGlobals) = postSolution
		SolutionGuid = {24C0DE62-3DA2-435D-BC09-2B5F50C72E64}
	EndGlobalSection
EndGlobal
