
Microsoft Visual Studio Solution File, Format Version 12.00
# Visual Studio Version 17
VisualStudioVersion = 17.7.34202.233
MinimumVisualStudioVersion = 10.0.40219.1
Project("{FAE04EC0-301F-11D3-BF4B-00C04F79EFBC}") = "Milestone3_Exercise1", "Milestone3_Exercise1\Milestone3_Exercise1.csproj", "{FB6BF058-2823-4190-BE7A-9C6E4A3401C5}"
EndProject
Global
	GlobalSection(SolutionConfigurationPlatforms) = preSolution
		Debug|Any CPU = Debug|Any CPU
		Release|Any CPU = Release|Any CPU
	EndGlobalSection
	GlobalSection(ProjectConfigurationPlatforms) = postSolution
		{FB6BF058-2823-4190-BE7A-9C6E4A3401C5}.Debug|Any CPU.ActiveCfg = Debug|Any CPU
		{FB6BF058-2823-4190-BE7A-9C6E4A3401C5}.Debug|Any CPU.Build.0 = Debug|Any CPU
		{FB6BF058-2823-4190-BE7A-9C6E4A3401C5}.Release|Any CPU.ActiveCfg = Release|Any CPU
		{FB6BF058-2823-4190-BE7A-9C6E4A3401C5}.Release|Any CPU.Build.0 = Release|Any CPU
	EndGlobalSection
	GlobalSection(SolutionProperties) = preSolution
		HideSolutionNode = FALSE
	EndGlobalSection
	GlobalSection(ExtensibilityGlobals) = postSolution
		SolutionGuid = {0A865312-C5C0-4568-9856-B2EBA1F81639}
	EndGlobalSection
EndGlobal
