
Microsoft Visual Studio Solution File, Format Version 12.00
# Visual Studio Version 17
VisualStudioVersion = 17.7.34202.233
MinimumVisualStudioVersion = 10.0.40219.1
Project("{FAE04EC0-301F-11D3-BF4B-00C04F79EFBC}") = "WebApplication3", "WebApplication3\WebApplication3.csproj", "{C1634922-FA4E-4427-9B2B-EC6AC957036E}"
EndProject
Global
	GlobalSection(SolutionConfigurationPlatforms) = preSolution
		Debug|Any CPU = Debug|Any CPU
		Release|Any CPU = Release|Any CPU
	EndGlobalSection
	GlobalSection(ProjectConfigurationPlatforms) = postSolution
		{C1634922-FA4E-4427-9B2B-EC6AC957036E}.Debug|Any CPU.ActiveCfg = Debug|Any CPU
		{C1634922-FA4E-4427-9B2B-EC6AC957036E}.Debug|Any CPU.Build.0 = Debug|Any CPU
		{C1634922-FA4E-4427-9B2B-EC6AC957036E}.Release|Any CPU.ActiveCfg = Release|Any CPU
		{C1634922-FA4E-4427-9B2B-EC6AC957036E}.Release|Any CPU.Build.0 = Release|Any CPU
	EndGlobalSection
	GlobalSection(SolutionProperties) = preSolution
		HideSolutionNode = FALSE
	EndGlobalSection
	GlobalSection(ExtensibilityGlobals) = postSolution
		SolutionGuid = {1107E612-FA22-417A-B205-342860EA417F}
	EndGlobalSection
EndGlobal
