
Microsoft Visual Studio Solution File, Format Version 12.00
# Visual Studio Version 17
VisualStudioVersion = 17.7.34202.233
MinimumVisualStudioVersion = 10.0.40219.1
Project("{FAE04EC0-301F-11D3-BF4B-00C04F79EFBC}") = "day14_Task1", "day14_Task1\day14_Task1.csproj", "{44E22220-B7C4-4CB7-AE3D-4A2E70E85F9B}"
EndProject
Global
	GlobalSection(SolutionConfigurationPlatforms) = preSolution
		Debug|Any CPU = Debug|Any CPU
		Release|Any CPU = Release|Any CPU
	EndGlobalSection
	GlobalSection(ProjectConfigurationPlatforms) = postSolution
		{44E22220-B7C4-4CB7-AE3D-4A2E70E85F9B}.Debug|Any CPU.ActiveCfg = Debug|Any CPU
		{44E22220-B7C4-4CB7-AE3D-4A2E70E85F9B}.Debug|Any CPU.Build.0 = Debug|Any CPU
		{44E22220-B7C4-4CB7-AE3D-4A2E70E85F9B}.Release|Any CPU.ActiveCfg = Release|Any CPU
		{44E22220-B7C4-4CB7-AE3D-4A2E70E85F9B}.Release|Any CPU.Build.0 = Release|Any CPU
	EndGlobalSection
	GlobalSection(SolutionProperties) = preSolution
		HideSolutionNode = FALSE
	EndGlobalSection
	GlobalSection(ExtensibilityGlobals) = postSolution
		SolutionGuid = {781E05F3-8122-4D7B-9C46-6EAFAF547707}
	EndGlobalSection
EndGlobal
