
Microsoft Visual Studio Solution File, Format Version 12.00
# Visual Studio Version 17
VisualStudioVersion = 17.7.34202.233
MinimumVisualStudioVersion = 10.0.40219.1
Project("{FAE04EC0-301F-11D3-BF4B-00C04F79EFBC}") = "day 4Loan Assignment", "day 4Loan Assignment\day 4Loan Assignment.csproj", "{35917C67-AE89-46CC-B03E-76386A17D38F}"
EndProject
Global
	GlobalSection(SolutionConfigurationPlatforms) = preSolution
		Debug|Any CPU = Debug|Any CPU
		Release|Any CPU = Release|Any CPU
	EndGlobalSection
	GlobalSection(ProjectConfigurationPlatforms) = postSolution
		{35917C67-AE89-46CC-B03E-76386A17D38F}.Debug|Any CPU.ActiveCfg = Debug|Any CPU
		{35917C67-AE89-46CC-B03E-76386A17D38F}.Debug|Any CPU.Build.0 = Debug|Any CPU
		{35917C67-AE89-46CC-B03E-76386A17D38F}.Release|Any CPU.ActiveCfg = Release|Any CPU
		{35917C67-AE89-46CC-B03E-76386A17D38F}.Release|Any CPU.Build.0 = Release|Any CPU
	EndGlobalSection
	GlobalSection(SolutionProperties) = preSolution
		HideSolutionNode = FALSE
	EndGlobalSection
	GlobalSection(ExtensibilityGlobals) = postSolution
		SolutionGuid = {3AFD1D52-0716-4B30-BED9-F2A2813752B4}
	EndGlobalSection
EndGlobal
