
Microsoft Visual Studio Solution File, Format Version 12.00
# Visual Studio Version 17
VisualStudioVersion = 17.7.34202.233
MinimumVisualStudioVersion = 10.0.40219.1
Project("{FAE04EC0-301F-11D3-BF4B-00C04F79EFBC}") = "day19_WebApplication7", "day19_WebApplication7\day19_WebApplication7.csproj", "{B988AF04-1284-4A2D-863A-F447D67360F3}"
EndProject
Global
	GlobalSection(SolutionConfigurationPlatforms) = preSolution
		Debug|Any CPU = Debug|Any CPU
		Release|Any CPU = Release|Any CPU
	EndGlobalSection
	GlobalSection(ProjectConfigurationPlatforms) = postSolution
		{B988AF04-1284-4A2D-863A-F447D67360F3}.Debug|Any CPU.ActiveCfg = Debug|Any CPU
		{B988AF04-1284-4A2D-863A-F447D67360F3}.Debug|Any CPU.Build.0 = Debug|Any CPU
		{B988AF04-1284-4A2D-863A-F447D67360F3}.Release|Any CPU.ActiveCfg = Release|Any CPU
		{B988AF04-1284-4A2D-863A-F447D67360F3}.Release|Any CPU.Build.0 = Release|Any CPU
	EndGlobalSection
	GlobalSection(SolutionProperties) = preSolution
		HideSolutionNode = FALSE
	EndGlobalSection
	GlobalSection(ExtensibilityGlobals) = postSolution
		SolutionGuid = {26B9F48B-D3FB-42E4-A2B7-9538BBA8C97C}
	EndGlobalSection
EndGlobal
