
Microsoft Visual Studio Solution File, Format Version 12.00
# Visual Studio Version 17
VisualStudioVersion = 17.7.34202.233
MinimumVisualStudioVersion = 10.0.40219.1
Project("{FAE04EC0-301F-11D3-BF4B-00C04F79EFBC}") = "Day 4 Assignment 2", "Day 4 Assignment 2\Day 4 Assignment 2.csproj", "{9255B4E7-2E21-4129-919E-359EBBE9E5C2}"
EndProject
Global
	GlobalSection(SolutionConfigurationPlatforms) = preSolution
		Debug|Any CPU = Debug|Any CPU
		Release|Any CPU = Release|Any CPU
	EndGlobalSection
	GlobalSection(ProjectConfigurationPlatforms) = postSolution
		{9255B4E7-2E21-4129-919E-359EBBE9E5C2}.Debug|Any CPU.ActiveCfg = Debug|Any CPU
		{9255B4E7-2E21-4129-919E-359EBBE9E5C2}.Debug|Any CPU.Build.0 = Debug|Any CPU
		{9255B4E7-2E21-4129-919E-359EBBE9E5C2}.Release|Any CPU.ActiveCfg = Release|Any CPU
		{9255B4E7-2E21-4129-919E-359EBBE9E5C2}.Release|Any CPU.Build.0 = Release|Any CPU
	EndGlobalSection
	GlobalSection(SolutionProperties) = preSolution
		HideSolutionNode = FALSE
	EndGlobalSection
	GlobalSection(ExtensibilityGlobals) = postSolution
		SolutionGuid = {C35A85AB-4B4F-402E-AC53-C0780F9A7743}
	EndGlobalSection
EndGlobal
