
Microsoft Visual Studio Solution File, Format Version 12.00
# Visual Studio Version 17
VisualStudioVersion = 17.7.34202.233
MinimumVisualStudioVersion = 10.0.40219.1
Project("{FAE04EC0-301F-11D3-BF4B-00C04F79EFBC}") = "Day 4 Dotnet", "Day 4 Dotnet\Day 4 Dotnet.csproj", "{BB35B15F-A4F8-4B03-965E-85EA5966915C}"
EndProject
Global
	GlobalSection(SolutionConfigurationPlatforms) = preSolution
		Debug|Any CPU = Debug|Any CPU
		Release|Any CPU = Release|Any CPU
	EndGlobalSection
	GlobalSection(ProjectConfigurationPlatforms) = postSolution
		{BB35B15F-A4F8-4B03-965E-85EA5966915C}.Debug|Any CPU.ActiveCfg = Debug|Any CPU
		{BB35B15F-A4F8-4B03-965E-85EA5966915C}.Debug|Any CPU.Build.0 = Debug|Any CPU
		{BB35B15F-A4F8-4B03-965E-85EA5966915C}.Release|Any CPU.ActiveCfg = Release|Any CPU
		{BB35B15F-A4F8-4B03-965E-85EA5966915C}.Release|Any CPU.Build.0 = Release|Any CPU
	EndGlobalSection
	GlobalSection(SolutionProperties) = preSolution
		HideSolutionNode = FALSE
	EndGlobalSection
	GlobalSection(ExtensibilityGlobals) = postSolution
		SolutionGuid = {FFF35FDC-956E-4FF6-A026-D686BCCBDB0D}
	EndGlobalSection
EndGlobal
