
Microsoft Visual Studio Solution File, Format Version 12.00
# Visual Studio Version 17
VisualStudioVersion = 17.7.34202.233
MinimumVisualStudioVersion = 10.0.40219.1
Project("{FAE04EC0-301F-11D3-BF4B-00C04F79EFBC}") = "day5 String Formatter", "day5 String Formatter\day5 String Formatter.csproj", "{3D1C631D-7506-4843-8FC3-811BFA37CAF8}"
EndProject
Global
	GlobalSection(SolutionConfigurationPlatforms) = preSolution
		Debug|Any CPU = Debug|Any CPU
		Release|Any CPU = Release|Any CPU
	EndGlobalSection
	GlobalSection(ProjectConfigurationPlatforms) = postSolution
		{3D1C631D-7506-4843-8FC3-811BFA37CAF8}.Debug|Any CPU.ActiveCfg = Debug|Any CPU
		{3D1C631D-7506-4843-8FC3-811BFA37CAF8}.Debug|Any CPU.Build.0 = Debug|Any CPU
		{3D1C631D-7506-4843-8FC3-811BFA37CAF8}.Release|Any CPU.ActiveCfg = Release|Any CPU
		{3D1C631D-7506-4843-8FC3-811BFA37CAF8}.Release|Any CPU.Build.0 = Release|Any CPU
	EndGlobalSection
	GlobalSection(SolutionProperties) = preSolution
		HideSolutionNode = FALSE
	EndGlobalSection
	GlobalSection(ExtensibilityGlobals) = postSolution
		SolutionGuid = {F09AF0E8-0338-44D3-B03C-BDA38221F130}
	EndGlobalSection
EndGlobal
